
Microsoft Visual Studio Solution File, Format Version 12.00
# Visual Studio 15
VisualStudioVersion = 15.0.26124.0
MinimumVisualStudioVersion = 15.0.26124.0
Project("{FAE04EC0-301F-11D3-BF4B-00C04F79EFBC}") = "API", "API\API.csproj", "{A296E055-B861-4BAA-80E0-57FEEBF83B12}"
EndProject
Project("{FAE04EC0-301F-11D3-BF4B-00C04F79EFBC}") = "Application", "Application\Application.csproj", "{006719B3-8396-4D8F-AC47-FB73E94DC34E}"
EndProject
Project("{FAE04EC0-301F-11D3-BF4B-00C04F79EFBC}") = "Persistence", "Persistence\Persistence.csproj", "{6985D3E2-EFEC-4AE6-A69B-190771EA8412}"
EndProject
Project("{FAE04EC0-301F-11D3-BF4B-00C04F79EFBC}") = "Domain", "Domain\Domain.csproj", "{81279328-7595-4D18-A842-79E21E9FFC92}"
EndProject
Global
	GlobalSection(SolutionConfigurationPlatforms) = preSolution
		Debug|Any CPU = Debug|Any CPU
		Debug|x64 = Debug|x64
		Debug|x86 = Debug|x86
		Release|Any CPU = Release|Any CPU
		Release|x64 = Release|x64
		Release|x86 = Release|x86
	EndGlobalSection
	GlobalSection(SolutionProperties) = preSolution
		HideSolutionNode = FALSE
	EndGlobalSection
	GlobalSection(ProjectConfigurationPlatforms) = postSolution
		{A296E055-B861-4BAA-80E0-57FEEBF83B12}.Debug|Any CPU.ActiveCfg = Debug|Any CPU
		{A296E055-B861-4BAA-80E0-57FEEBF83B12}.Debug|Any CPU.Build.0 = Debug|Any CPU
		{A296E055-B861-4BAA-80E0-57FEEBF83B12}.Debug|x64.ActiveCfg = Debug|Any CPU
		{A296E055-B861-4BAA-80E0-57FEEBF83B12}.Debug|x64.Build.0 = Debug|Any CPU
		{A296E055-B861-4BAA-80E0-57FEEBF83B12}.Debug|x86.ActiveCfg = Debug|Any CPU
		{A296E055-B861-4BAA-80E0-57FEEBF83B12}.Debug|x86.Build.0 = Debug|Any CPU
		{A296E055-B861-4BAA-80E0-57FEEBF83B12}.Release|Any CPU.ActiveCfg = Release|Any CPU
		{A296E055-B861-4BAA-80E0-57FEEBF83B12}.Release|Any CPU.Build.0 = Release|Any CPU
		{A296E055-B861-4BAA-80E0-57FEEBF83B12}.Release|x64.ActiveCfg = Release|Any CPU
		{A296E055-B861-4BAA-80E0-57FEEBF83B12}.Release|x64.Build.0 = Release|Any CPU
		{A296E055-B861-4BAA-80E0-57FEEBF83B12}.Release|x86.ActiveCfg = Release|Any CPU
		{A296E055-B861-4BAA-80E0-57FEEBF83B12}.Release|x86.Build.0 = Release|Any CPU
		{006719B3-8396-4D8F-AC47-FB73E94DC34E}.Debug|Any CPU.ActiveCfg = Debug|Any CPU
		{006719B3-8396-4D8F-AC47-FB73E94DC34E}.Debug|Any CPU.Build.0 = Debug|Any CPU
		{006719B3-8396-4D8F-AC47-FB73E94DC34E}.Debug|x64.ActiveCfg = Debug|Any CPU
		{006719B3-8396-4D8F-AC47-FB73E94DC34E}.Debug|x64.Build.0 = Debug|Any CPU
		{006719B3-8396-4D8F-AC47-FB73E94DC34E}.Debug|x86.ActiveCfg = Debug|Any CPU
		{006719B3-8396-4D8F-AC47-FB73E94DC34E}.Debug|x86.Build.0 = Debug|Any CPU
		{006719B3-8396-4D8F-AC47-FB73E94DC34E}.Release|Any CPU.ActiveCfg = Release|Any CPU
		{006719B3-8396-4D8F-AC47-FB73E94DC34E}.Release|Any CPU.Build.0 = Release|Any CPU
		{006719B3-8396-4D8F-AC47-FB73E94DC34E}.Release|x64.ActiveCfg = Release|Any CPU
		{006719B3-8396-4D8F-AC47-FB73E94DC34E}.Release|x64.Build.0 = Release|Any CPU
		{006719B3-8396-4D8F-AC47-FB73E94DC34E}.Release|x86.ActiveCfg = Release|Any CPU
		{006719B3-8396-4D8F-AC47-FB73E94DC34E}.Release|x86.Build.0 = Release|Any CPU
		{6985D3E2-EFEC-4AE6-A69B-190771EA8412}.Debug|Any CPU.ActiveCfg = Debug|Any CPU
		{6985D3E2-EFEC-4AE6-A69B-190771EA8412}.Debug|Any CPU.Build.0 = Debug|Any CPU
		{6985D3E2-EFEC-4AE6-A69B-190771EA8412}.Debug|x64.ActiveCfg = Debug|Any CPU
		{6985D3E2-EFEC-4AE6-A69B-190771EA8412}.Debug|x64.Build.0 = Debug|Any CPU
		{6985D3E2-EFEC-4AE6-A69B-190771EA8412}.Debug|x86.ActiveCfg = Debug|Any CPU
		{6985D3E2-EFEC-4AE6-A69B-190771EA8412}.Debug|x86.Build.0 = Debug|Any CPU
		{6985D3E2-EFEC-4AE6-A69B-190771EA8412}.Release|Any CPU.ActiveCfg = Release|Any CPU
		{6985D3E2-EFEC-4AE6-A69B-190771EA8412}.Release|Any CPU.Build.0 = Release|Any CPU
		{6985D3E2-EFEC-4AE6-A69B-190771EA8412}.Release|x64.ActiveCfg = Release|Any CPU
		{6985D3E2-EFEC-4AE6-A69B-190771EA8412}.Release|x64.Build.0 = Release|Any CPU
		{6985D3E2-EFEC-4AE6-A69B-190771EA8412}.Release|x86.ActiveCfg = Release|Any CPU
		{6985D3E2-EFEC-4AE6-A69B-190771EA8412}.Release|x86.Build.0 = Release|Any CPU
		{81279328-7595-4D18-A842-79E21E9FFC92}.Debug|Any CPU.ActiveCfg = Debug|Any CPU
		{81279328-7595-4D18-A842-79E21E9FFC92}.Debug|Any CPU.Build.0 = Debug|Any CPU
		{81279328-7595-4D18-A842-79E21E9FFC92}.Debug|x64.ActiveCfg = Debug|Any CPU
		{81279328-7595-4D18-A842-79E21E9FFC92}.Debug|x64.Build.0 = Debug|Any CPU
		{81279328-7595-4D18-A842-79E21E9FFC92}.Debug|x86.ActiveCfg = Debug|Any CPU
		{81279328-7595-4D18-A842-79E21E9FFC92}.Debug|x86.Build.0 = Debug|Any CPU
		{81279328-7595-4D18-A842-79E21E9FFC92}.Release|Any CPU.ActiveCfg = Release|Any CPU
		{81279328-7595-4D18-A842-79E21E9FFC92}.Release|Any CPU.Build.0 = Release|Any CPU
		{81279328-7595-4D18-A842-79E21E9FFC92}.Release|x64.ActiveCfg = Release|Any CPU
		{81279328-7595-4D18-A842-79E21E9FFC92}.Release|x64.Build.0 = Release|Any CPU
		{81279328-7595-4D18-A842-79E21E9FFC92}.Release|x86.ActiveCfg = Release|Any CPU
		{81279328-7595-4D18-A842-79E21E9FFC92}.Release|x86.Build.0 = Release|Any CPU
	EndGlobalSection
EndGlobal
